
Microsoft Visual Studio Solution File, Format Version 12.00
# Visual Studio Version 17
VisualStudioVersion = 17.9.34407.89
MinimumVisualStudioVersion = 10.0.40219.1
Project("{FAE04EC0-301F-11D3-BF4B-00C04F79EFBC}") = "BulkProject", "BulkProject\BulkProject.csproj", "{C80ED414-DA34-43CB-98FA-B7421A041E66}"
EndProject
Global
	GlobalSection(SolutionConfigurationPlatforms) = preSolution
		Debug|Any CPU = Debug|Any CPU
		Release|Any CPU = Release|Any CPU
	EndGlobalSection
	GlobalSection(ProjectConfigurationPlatforms) = postSolution
		{C80ED414-DA34-43CB-98FA-B7421A041E66}.Debug|Any CPU.ActiveCfg = Debug|Any CPU
		{C80ED414-DA34-43CB-98FA-B7421A041E66}.Debug|Any CPU.Build.0 = Debug|Any CPU
		{C80ED414-DA34-43CB-98FA-B7421A041E66}.Release|Any CPU.ActiveCfg = Release|Any CPU
		{C80ED414-DA34-43CB-98FA-B7421A041E66}.Release|Any CPU.Build.0 = Release|Any CPU
	EndGlobalSection
	GlobalSection(SolutionProperties) = preSolution
		HideSolutionNode = FALSE
	EndGlobalSection
	GlobalSection(ExtensibilityGlobals) = postSolution
		SolutionGuid = {5090394F-B1FB-4095-BD6E-3A810C37BBCF}
	EndGlobalSection
EndGlobal
